
Microsoft Visual Studio Solution File, Format Version 12.00
# Visual Studio Version 17
VisualStudioVersion = 17.5.33502.453
MinimumVisualStudioVersion = 10.0.40219.1
Project("{FAE04EC0-301F-11D3-BF4B-00C04F79EFBC}") = "Todo.web", "Todo.web\Todo.web.csproj", "{1919C11A-7FD8-434D-AB5F-88916183273C}"
EndProject
Project("{FAE04EC0-301F-11D3-BF4B-00C04F79EFBC}") = "Todo.Services", "Todo.Services\Todo.Services.csproj", "{0156C45B-A4D2-40C3-99DB-A51603D9A308}"
EndProject
Global
	GlobalSection(SolutionConfigurationPlatforms) = preSolution
		Debug|Any CPU = Debug|Any CPU
		Release|Any CPU = Release|Any CPU
	EndGlobalSection
	GlobalSection(ProjectConfigurationPlatforms) = postSolution
		{1919C11A-7FD8-434D-AB5F-88916183273C}.Debug|Any CPU.ActiveCfg = Debug|Any CPU
		{1919C11A-7FD8-434D-AB5F-88916183273C}.Debug|Any CPU.Build.0 = Debug|Any CPU
		{1919C11A-7FD8-434D-AB5F-88916183273C}.Release|Any CPU.ActiveCfg = Release|Any CPU
		{1919C11A-7FD8-434D-AB5F-88916183273C}.Release|Any CPU.Build.0 = Release|Any CPU
		{0156C45B-A4D2-40C3-99DB-A51603D9A308}.Debug|Any CPU.ActiveCfg = Debug|Any CPU
		{0156C45B-A4D2-40C3-99DB-A51603D9A308}.Debug|Any CPU.Build.0 = Debug|Any CPU
		{0156C45B-A4D2-40C3-99DB-A51603D9A308}.Release|Any CPU.ActiveCfg = Release|Any CPU
		{0156C45B-A4D2-40C3-99DB-A51603D9A308}.Release|Any CPU.Build.0 = Release|Any CPU
	EndGlobalSection
	GlobalSection(SolutionProperties) = preSolution
		HideSolutionNode = FALSE
	EndGlobalSection
	GlobalSection(ExtensibilityGlobals) = postSolution
		SolutionGuid = {DB2EED3F-8667-4AC0-8C15-0F96BFCBFACA}
	EndGlobalSection
EndGlobal
